lockfileVersion: '9.0'

settings:
  autoInstallPeers: true
  excludeLinksFromLockfile: false

importers:

  .:
    devDependencies:
      oxlint:
        specifier: ^1.22.0
        version: 1.22.0
      prettier:
        specifier: ^3.6.2
        version: 3.6.2
      prettier-plugin-sh:
        specifier: ^0.18.0
        version: 0.18.0(prettier@3.6.2)

packages:

  '@oxlint/darwin-arm64@1.22.0':
    resolution: {integrity: sha512-vfgwTA1CowVaU3QXFBjfGjbPsHbdjAiJnWX5FBaq8uXS8tksGgl0ue14MK6fVnXncWK9j69LRnkteGTixxDAfA==}
    cpu: [arm64]
    os: [darwin]

  '@oxlint/darwin-x64@1.22.0':
    resolution: {integrity: sha512-70x7Y+e0Ddb2Cf2IZsYGnXZrnB/MZgOTi/VkyXZucbnQcpi2VoaYS4Ve662DaNkzvTxdKOGmyJVMmD/digdJLQ==}
    cpu: [x64]
    os: [darwin]

  '@oxlint/linux-arm64-gnu@1.22.0':
    resolution: {integrity: sha512-Rv94lOyEV8WEuzhjJSpCW3DbL/tlOVizPxth1v5XAFuQdM5rgpOMs3TsAf/YFUn52/qenwVglyvQZL8oAUYlpg==}
    cpu: [arm64]
    os: [linux]

  '@oxlint/linux-arm64-musl@1.22.0':
    resolution: {integrity: sha512-Aau6V6Osoyb3SFmRejP3rRhs1qhep4aJTdotFf1RVMVSLJkF7Ir0p+eGZSaIJyylFZuCCxHpud3hWasphmZnzw==}
    cpu: [arm64]
    os: [linux]

  '@oxlint/linux-x64-gnu@1.22.0':
    resolution: {integrity: sha512-6eOtv+2gHrKw/hxUkV6hJdvYhzr0Dqzb4oc7sNlWxp64jU6I19tgMwSlmtn02r34YNSn+/NpZ/ECvQrycKUUFQ==}
    cpu: [x64]
    os: [linux]

  '@oxlint/linux-x64-musl@1.22.0':
    resolution: {integrity: sha512-c4O7qD7TCEfPE/FFKYvakF2sQoIP0LFZB8F5AQK4K9VYlyT1oENNRCdIiMu6irvLelOzJzkUM0XrvUCL9Kkxrw==}
    cpu: [x64]
    os: [linux]

  '@oxlint/win32-arm64@1.22.0':
    resolution: {integrity: sha512-6DJwF5A9VoIbSWNexLYubbuteAL23l3YN00wUL7Wt4ZfEZu2f/lWtGB9yC9BfKLXzudq8MvGkrS0szmV0bc1VQ==}
    cpu: [arm64]
    os: [win32]

  '@oxlint/win32-x64@1.22.0':
    resolution: {integrity: sha512-nf8EZnIUgIrHlP9k26iOFMZZPoJG16KqZBXu5CG5YTAtVcu4CWlee9Q/cOS/rgQNGjLF+WPw8sVA5P3iGlYGQQ==}
    cpu: [x64]
    os: [win32]

  '@reteps/dockerfmt@0.3.6':
    resolution: {integrity: sha512-Tb5wIMvBf/nLejTQ61krK644/CEMB/cpiaIFXqGApfGqO3GwcR3qnI0DbmkFVCl2OyEp8LnLX3EkucoL0+tbFg==}
    engines: {node: ^v12.20.0 || ^14.13.0 || >=16.0.0}

  oxlint@1.22.0:
    resolution: {integrity: sha512-/HYT1Cfanveim9QUM6KlPKJe9y+WPnh3SxIB7z1InWnag9S0nzxLaWEUiW1P4UGzh/No3KvtNmBv2IOiwAl2/w==}
    engines: {node: ^20.19.0 || >=22.12.0}
    hasBin: true
    peerDependencies:
      oxlint-tsgolint: '>=0.2.0'
    peerDependenciesMeta:
      oxlint-tsgolint:
        optional: true

  prettier-plugin-sh@0.18.0:
    resolution: {integrity: sha512-cW1XL27FOJQ/qGHOW6IHwdCiNWQsAgK+feA8V6+xUTaH0cD3Mh+tFAtBvEEWvuY6hTDzRV943Fzeii+qMOh7nQ==}
    engines: {node: '>=16.0.0'}
    peerDependencies:
      prettier: ^3.6.0

  prettier@3.6.2:
    resolution: {integrity: sha512-I7AIg5boAr5R0FFtJ6rCfD+LFsWHp81dolrFD8S79U9tb8Az2nGrJncnMSnys+bpQJfRUzqs9hnA81OAA3hCuQ==}
    engines: {node: '>=14'}
    hasBin: true

  sh-syntax@0.5.8:
    resolution: {integrity: sha512-JfVoxf4FxQI5qpsPbkHhZo+n6N9YMJobyl4oGEUBb/31oQYlgTjkXQD8PBiafS2UbWoxrTO0Z5PJUBXEPAG1Zw==}
    engines: {node: '>=16.0.0'}

  tslib@2.8.1:
    resolution: {integrity: sha512-oJFu94HQb+KVduSUQL7wnpmqnfmLsOA/nAh6b6EH0wCEoK0/mPeXU6c3wKDV83MkOuHPRHtSXKKU99IBazS/2w==}

snapshots:

  '@oxlint/darwin-arm64@1.22.0':
    optional: true

  '@oxlint/darwin-x64@1.22.0':
    optional: true

  '@oxlint/linux-arm64-gnu@1.22.0':
    optional: true

  '@oxlint/linux-arm64-musl@1.22.0':
    optional: true

  '@oxlint/linux-x64-gnu@1.22.0':
    optional: true

  '@oxlint/linux-x64-musl@1.22.0':
    optional: true

  '@oxlint/win32-arm64@1.22.0':
    optional: true

  '@oxlint/win32-x64@1.22.0':
    optional: true

  '@reteps/dockerfmt@0.3.6': {}

  oxlint@1.22.0:
    optionalDependencies:
      '@oxlint/darwin-arm64': 1.22.0
      '@oxlint/darwin-x64': 1.22.0
      '@oxlint/linux-arm64-gnu': 1.22.0
      '@oxlint/linux-arm64-musl': 1.22.0
      '@oxlint/linux-x64-gnu': 1.22.0
      '@oxlint/linux-x64-musl': 1.22.0
      '@oxlint/win32-arm64': 1.22.0
      '@oxlint/win32-x64': 1.22.0

  prettier-plugin-sh@0.18.0(prettier@3.6.2):
    dependencies:
      '@reteps/dockerfmt': 0.3.6
      prettier: 3.6.2
      sh-syntax: 0.5.8

  prettier@3.6.2: {}

  sh-syntax@0.5.8:
    dependencies:
      tslib: 2.8.1

  tslib@2.8.1: {}
